
Microsoft Visual Studio Solution File, Format Version 12.00
# Visual Studio Version 17
VisualStudioVersion = 17.5.002.0
MinimumVisualStudioVersion = 10.0.40219.1
Project("{9A19103F-16F7-4668-BE54-9A1E7A4F7556}") = "ApiTodo", "ApiTodo\ApiTodo.csproj", "{77943669-F946-413A-A92A-EFE4ADF7BA93}"
EndProject
Global
	GlobalSection(SolutionConfigurationPlatforms) = preSolution
		Debug|Any CPU = Debug|Any CPU
		Release|Any CPU = Release|Any CPU
	EndGlobalSection
	GlobalSection(ProjectConfigurationPlatforms) = postSolution
		{77943669-F946-413A-A92A-EFE4ADF7BA93}.Debug|Any CPU.ActiveCfg = Debug|Any CPU
		{77943669-F946-413A-A92A-EFE4ADF7BA93}.Debug|Any CPU.Build.0 = Debug|Any CPU
		{77943669-F946-413A-A92A-EFE4ADF7BA93}.Release|Any CPU.ActiveCfg = Release|Any CPU
		{77943669-F946-413A-A92A-EFE4ADF7BA93}.Release|Any CPU.Build.0 = Release|Any CPU
	EndGlobalSection
	GlobalSection(SolutionProperties) = preSolution
		HideSolutionNode = FALSE
	EndGlobalSection
	GlobalSection(ExtensibilityGlobals) = postSolution
		SolutionGuid = {1EC6347A-0270-4720-9B03-7A23649FC1BD}
	EndGlobalSection
EndGlobal
